
Microsoft Visual Studio Solution File, Format Version 12.00
# Visual Studio Version 17
VisualStudioVersion = 17.12.35527.113 d17.12
MinimumVisualStudioVersion = 10.0.40219.1
Project("{FAE04EC0-301F-11D3-BF4B-00C04F79EFBC}") = "Chefer.API", "AcunmedyaCheferProject\Chefer.API.csproj", "{0BB96B8D-8736-47F4-A26F-4D6154ADA283}"
EndProject
Project("{FAE04EC0-301F-11D3-BF4B-00C04F79EFBC}") = "Chefer.WebUI", "Chefer.WebUI\Chefer.WebUI.csproj", "{EB9BC63D-C9B6-4120-8150-593250F4555C}"
EndProject
Global
	GlobalSection(SolutionConfigurationPlatforms) = preSolution
		Debug|Any CPU = Debug|Any CPU
		Release|Any CPU = Release|Any CPU
	EndGlobalSection
	GlobalSection(ProjectConfigurationPlatforms) = postSolution
		{0BB96B8D-8736-47F4-A26F-4D6154ADA283}.Debug|Any CPU.ActiveCfg = Debug|Any CPU
		{0BB96B8D-8736-47F4-A26F-4D6154ADA283}.Debug|Any CPU.Build.0 = Debug|Any CPU
		{0BB96B8D-8736-47F4-A26F-4D6154ADA283}.Release|Any CPU.ActiveCfg = Release|Any CPU
		{0BB96B8D-8736-47F4-A26F-4D6154ADA283}.Release|Any CPU.Build.0 = Release|Any CPU
		{EB9BC63D-C9B6-4120-8150-593250F4555C}.Debug|Any CPU.ActiveCfg = Debug|Any CPU
		{EB9BC63D-C9B6-4120-8150-593250F4555C}.Debug|Any CPU.Build.0 = Debug|Any CPU
		{EB9BC63D-C9B6-4120-8150-593250F4555C}.Release|Any CPU.ActiveCfg = Release|Any CPU
		{EB9BC63D-C9B6-4120-8150-593250F4555C}.Release|Any CPU.Build.0 = Release|Any CPU
	EndGlobalSection
	GlobalSection(SolutionProperties) = preSolution
		HideSolutionNode = FALSE
	EndGlobalSection
EndGlobal
